
Microsoft Visual Studio Solution File, Format Version 12.00
# Visual Studio Version 17
VisualStudioVersion = 17.1.32319.34
MinimumVisualStudioVersion = 10.0.40219.1
Project("{FAE04EC0-301F-11D3-BF4B-00C04F79EFBC}") = "C971.Android", "C971.Android\C971.Android.csproj", "{EB62E519-1C91-46BE-AA04-A5568E14B2EE}"
EndProject
Project("{FAE04EC0-301F-11D3-BF4B-00C04F79EFBC}") = "C971.iOS", "C971.iOS\C971.iOS.csproj", "{1012BF09-D17F-4E12-8050-687E85C7586E}"
EndProject
Project("{FAE04EC0-301F-11D3-BF4B-00C04F79EFBC}") = "C971", "C971\C971.csproj", "{367AA2E0-07F5-4A70-A3AD-0D4C731B812F}"
EndProject
Project("{2150E333-8FDC-42A3-9474-1A3956D46DE8}") = "Solution Items", "Solution Items", "{4F16F87F-D87B-4BE8-87E2-FAD6E163CCC3}"
	ProjectSection(SolutionItems) = preProject
		..\.editorconfig = ..\.editorconfig
		..\.gitignore = ..\.gitignore
		..\LICENSE.md = ..\LICENSE.md
		..\PA-C971-Requirements.pdf = ..\PA-C971-Requirements.pdf
		..\README.md = ..\README.md
	EndProjectSection
EndProject
Global
	GlobalSection(SolutionConfigurationPlatforms) = preSolution
		Debug|Any CPU = Debug|Any CPU
		Debug|iPhone = Debug|iPhone
		Debug|iPhoneSimulator = Debug|iPhoneSimulator
		Release|Any CPU = Release|Any CPU
		Release|iPhone = Release|iPhone
		Release|iPhoneSimulator = Release|iPhoneSimulator
	EndGlobalSection
	GlobalSection(ProjectConfigurationPlatforms) = postSolution
		{EB62E519-1C91-46BE-AA04-A5568E14B2EE}.Debug|Any CPU.ActiveCfg = Debug|Any CPU
		{EB62E519-1C91-46BE-AA04-A5568E14B2EE}.Debug|Any CPU.Build.0 = Debug|Any CPU
		{EB62E519-1C91-46BE-AA04-A5568E14B2EE}.Debug|Any CPU.Deploy.0 = Debug|Any CPU
		{EB62E519-1C91-46BE-AA04-A5568E14B2EE}.Debug|iPhone.ActiveCfg = Debug|Any CPU
		{EB62E519-1C91-46BE-AA04-A5568E14B2EE}.Debug|iPhone.Build.0 = Debug|Any CPU
		{EB62E519-1C91-46BE-AA04-A5568E14B2EE}.Debug|iPhone.Deploy.0 = Debug|Any CPU
		{EB62E519-1C91-46BE-AA04-A5568E14B2EE}.Debug|iPhoneSimulator.ActiveCfg = Debug|Any CPU
		{EB62E519-1C91-46BE-AA04-A5568E14B2EE}.Debug|iPhoneSimulator.Build.0 = Debug|Any CPU
		{EB62E519-1C91-46BE-AA04-A5568E14B2EE}.Debug|iPhoneSimulator.Deploy.0 = Debug|Any CPU
		{EB62E519-1C91-46BE-AA04-A5568E14B2EE}.Release|Any CPU.ActiveCfg = Release|Any CPU
		{EB62E519-1C91-46BE-AA04-A5568E14B2EE}.Release|Any CPU.Build.0 = Release|Any CPU
		{EB62E519-1C91-46BE-AA04-A5568E14B2EE}.Release|Any CPU.Deploy.0 = Release|Any CPU
		{EB62E519-1C91-46BE-AA04-A5568E14B2EE}.Release|iPhone.ActiveCfg = Release|Any CPU
		{EB62E519-1C91-46BE-AA04-A5568E14B2EE}.Release|iPhone.Build.0 = Release|Any CPU
		{EB62E519-1C91-46BE-AA04-A5568E14B2EE}.Release|iPhone.Deploy.0 = Release|Any CPU
		{EB62E519-1C91-46BE-AA04-A5568E14B2EE}.Release|iPhoneSimulator.ActiveCfg = Release|Any CPU
		{EB62E519-1C91-46BE-AA04-A5568E14B2EE}.Release|iPhoneSimulator.Build.0 = Release|Any CPU
		{EB62E519-1C91-46BE-AA04-A5568E14B2EE}.Release|iPhoneSimulator.Deploy.0 = Release|Any CPU
		{1012BF09-D17F-4E12-8050-687E85C7586E}.Debug|Any CPU.ActiveCfg = Debug|iPhone
		{1012BF09-D17F-4E12-8050-687E85C7586E}.Debug|Any CPU.Build.0 = Debug|iPhone
		{1012BF09-D17F-4E12-8050-687E85C7586E}.Debug|Any CPU.Deploy.0 = Debug|iPhone
		{1012BF09-D17F-4E12-8050-687E85C7586E}.Debug|iPhone.ActiveCfg = Debug|iPhone
		{1012BF09-D17F-4E12-8050-687E85C7586E}.Debug|iPhone.Build.0 = Debug|iPhone
		{1012BF09-D17F-4E12-8050-687E85C7586E}.Debug|iPhone.Deploy.0 = Debug|iPhone
		{1012BF09-D17F-4E12-8050-687E85C7586E}.Debug|iPhoneSimulator.ActiveCfg = Debug|iPhoneSimulator
		{1012BF09-D17F-4E12-8050-687E85C7586E}.Debug|iPhoneSimulator.Build.0 = Debug|iPhoneSimulator
		{1012BF09-D17F-4E12-8050-687E85C7586E}.Debug|iPhoneSimulator.Deploy.0 = Debug|iPhoneSimulator
		{1012BF09-D17F-4E12-8050-687E85C7586E}.Release|Any CPU.ActiveCfg = Release|iPhoneSimulator
		{1012BF09-D17F-4E12-8050-687E85C7586E}.Release|Any CPU.Build.0 = Release|iPhoneSimulator
		{1012BF09-D17F-4E12-8050-687E85C7586E}.Release|Any CPU.Deploy.0 = Release|iPhoneSimulator
		{1012BF09-D17F-4E12-8050-687E85C7586E}.Release|iPhone.ActiveCfg = Release|iPhone
		{1012BF09-D17F-4E12-8050-687E85C7586E}.Release|iPhone.Build.0 = Release|iPhone
		{1012BF09-D17F-4E12-8050-687E85C7586E}.Release|iPhone.Deploy.0 = Release|iPhone
		{1012BF09-D17F-4E12-8050-687E85C7586E}.Release|iPhoneSimulator.ActiveCfg = Release|iPhoneSimulator
		{1012BF09-D17F-4E12-8050-687E85C7586E}.Release|iPhoneSimulator.Build.0 = Release|iPhoneSimulator
		{1012BF09-D17F-4E12-8050-687E85C7586E}.Release|iPhoneSimulator.Deploy.0 = Release|iPhoneSimulator
		{367AA2E0-07F5-4A70-A3AD-0D4C731B812F}.Debug|Any CPU.ActiveCfg = Debug|Any CPU
		{367AA2E0-07F5-4A70-A3AD-0D4C731B812F}.Debug|Any CPU.Build.0 = Debug|Any CPU
		{367AA2E0-07F5-4A70-A3AD-0D4C731B812F}.Debug|Any CPU.Deploy.0 = Debug|Any CPU
		{367AA2E0-07F5-4A70-A3AD-0D4C731B812F}.Debug|iPhone.ActiveCfg = Debug|Any CPU
		{367AA2E0-07F5-4A70-A3AD-0D4C731B812F}.Debug|iPhone.Build.0 = Debug|Any CPU
		{367AA2E0-07F5-4A70-A3AD-0D4C731B812F}.Debug|iPhone.Deploy.0 = Debug|Any CPU
		{367AA2E0-07F5-4A70-A3AD-0D4C731B812F}.Debug|iPhoneSimulator.ActiveCfg = Debug|Any CPU
		{367AA2E0-07F5-4A70-A3AD-0D4C731B812F}.Debug|iPhoneSimulator.Build.0 = Debug|Any CPU
		{367AA2E0-07F5-4A70-A3AD-0D4C731B812F}.Debug|iPhoneSimulator.Deploy.0 = Debug|Any CPU
		{367AA2E0-07F5-4A70-A3AD-0D4C731B812F}.Release|Any CPU.ActiveCfg = Release|Any CPU
		{367AA2E0-07F5-4A70-A3AD-0D4C731B812F}.Release|Any CPU.Build.0 = Release|Any CPU
		{367AA2E0-07F5-4A70-A3AD-0D4C731B812F}.Release|Any CPU.Deploy.0 = Release|Any CPU
		{367AA2E0-07F5-4A70-A3AD-0D4C731B812F}.Release|iPhone.ActiveCfg = Release|Any CPU
		{367AA2E0-07F5-4A70-A3AD-0D4C731B812F}.Release|iPhone.Build.0 = Release|Any CPU
		{367AA2E0-07F5-4A70-A3AD-0D4C731B812F}.Release|iPhone.Deploy.0 = Release|Any CPU
		{367AA2E0-07F5-4A70-A3AD-0D4C731B812F}.Release|iPhoneSimulator.ActiveCfg = Release|Any CPU
		{367AA2E0-07F5-4A70-A3AD-0D4C731B812F}.Release|iPhoneSimulator.Build.0 = Release|Any CPU
		{367AA2E0-07F5-4A70-A3AD-0D4C731B812F}.Release|iPhoneSimulator.Deploy.0 = Release|Any CPU
	EndGlobalSection
	GlobalSection(SolutionProperties) = preSolution
		HideSolutionNode = FALSE
	EndGlobalSection
	GlobalSection(ExtensibilityGlobals) = postSolution
		SolutionGuid = {7114DE1C-3C0C-49A4-AFEB-7E4B2D418332}
	EndGlobalSection
EndGlobal
